
Microsoft Visual Studio Solution File, Format Version 12.00
# Visual Studio Version 17
VisualStudioVersion = 17.14.36327.8
MinimumVisualStudioVersion = 10.0.40219.1
Project("{2150E333-8FDC-42A3-9474-1A3956D46DE8}") = "WebService", "WebService", "{AF077DC1-66FD-41D3-A6C4-DC272E6FD1E3}"
EndProject
Project("{2150E333-8FDC-42A3-9474-1A3956D46DE8}") = "Applications", "Applications", "{7841D459-F3D8-45C3-A474-B316A8B30958}"
EndProject
Project("{2150E333-8FDC-42A3-9474-1A3956D46DE8}") = "ApplicationsNew", "ApplicationsNew", "{263331A7-B4C3-4D09-82E2-8C2F408CE39C}"
EndProject
Project("{2150E333-8FDC-42A3-9474-1A3956D46DE8}") = "WebSites", "WebSites", "{2EB5F454-1C10-42D3-B7D4-42855821CC4C}"
EndProject
Project("{FAE04EC0-301F-11D3-BF4B-00C04F79EFBC}") = "GeneralPlatform_Entity", "GeneralPlatform_Entity\GeneralPlatform_Entity.csproj", "{CAE7B0D5-0D60-4905-90C8-D0C76D8AB4E7}"
EndProject
Project("{FAE04EC0-301F-11D3-BF4B-00C04F79EFBC}") = "GeneralPlatform_DAL", "GeneralPlatform_DAL\GeneralPlatform_DAL.csproj", "{0F2B154E-DE03-413D-96AF-3364756735B9}"
EndProject
Project("{FAE04EC0-301F-11D3-BF4B-00C04F79EFBC}") = "GeneralPlatform_Business", "GeneralPlatform_Business\GeneralPlatform_Business.csproj", "{ACBC0C3E-5194-4444-9172-01A6BFD18C4B}"
EndProject
Project("{FAE04EC0-301F-11D3-BF4B-00C04F79EFBC}") = "GeneralPlatformWeb3", "GeneralPlatformWeb3\GeneralPlatformWeb3.csproj", "{2FC2CB85-AEFD-4409-8F50-C8638F73B799}"
EndProject
Project("{FAE04EC0-301F-11D3-BF4B-00C04F79EFBC}") = "TestGP4Jump", "TestGP4Jump\TestGP4Jump.csproj", "{2289103F-BE37-48EE-8887-01498370F6F4}"
EndProject
Project("{FAE04EC0-301F-11D3-BF4B-00C04F79EFBC}") = "GP4WApi", "GP4WApi\GP4WApi.csproj", "{C6E6FD75-E4EE-4D5F-A938-5216CF9F71DF}"
EndProject
Project("{FAE04EC0-301F-11D3-BF4B-00C04F79EFBC}") = "GeneralPlatform_BusinessEx", "GeneralPlatform_BusinessEx\GeneralPlatform_BusinessEx.csproj", "{56BAC1C8-F972-4999-9A52-C6AE9FC250E0}"
EndProject
Project("{9A19103F-16F7-4668-BE54-9A1E7A4F7556}") = "GPWA", "GPWA\GPWA.csproj", "{A983C3CF-CD6A-422D-88C6-250E22C87A2C}"
EndProject
Project("{FAE04EC0-301F-11D3-BF4B-00C04F79EFBC}") = "CommFunc4Web", "..\..\BaseClass2024\CommFunc4Web\CommFunc4Web.csproj", "{2C289E54-22DC-4365-B110-28DEBDBE0840}"
EndProject
Global
	GlobalSection(SolutionConfigurationPlatforms) = preSolution
		Debug|.NET = Debug|.NET
		Debug|Any CPU = Debug|Any CPU
		Debug|Mixed Platforms = Debug|Mixed Platforms
		Debug|x64 = Debug|x64
		Debug|x86 = Debug|x86
		Release|.NET = Release|.NET
		Release|Any CPU = Release|Any CPU
		Release|Mixed Platforms = Release|Mixed Platforms
		Release|x64 = Release|x64
		Release|x86 = Release|x86
	EndGlobalSection
	GlobalSection(ProjectConfigurationPlatforms) = postSolution
		{CAE7B0D5-0D60-4905-90C8-D0C76D8AB4E7}.Debug|.NET.ActiveCfg = Debug|Any CPU
		{CAE7B0D5-0D60-4905-90C8-D0C76D8AB4E7}.Debug|Any CPU.ActiveCfg = Debug|Any CPU
		{CAE7B0D5-0D60-4905-90C8-D0C76D8AB4E7}.Debug|Any CPU.Build.0 = Debug|Any CPU
		{CAE7B0D5-0D60-4905-90C8-D0C76D8AB4E7}.Debug|Mixed Platforms.ActiveCfg = Debug|Any CPU
		{CAE7B0D5-0D60-4905-90C8-D0C76D8AB4E7}.Debug|Mixed Platforms.Build.0 = Debug|Any CPU
		{CAE7B0D5-0D60-4905-90C8-D0C76D8AB4E7}.Debug|x64.ActiveCfg = Debug|Any CPU
		{CAE7B0D5-0D60-4905-90C8-D0C76D8AB4E7}.Debug|x64.Build.0 = Debug|Any CPU
		{CAE7B0D5-0D60-4905-90C8-D0C76D8AB4E7}.Debug|x86.ActiveCfg = Debug|Any CPU
		{CAE7B0D5-0D60-4905-90C8-D0C76D8AB4E7}.Debug|x86.Build.0 = Debug|Any CPU
		{CAE7B0D5-0D60-4905-90C8-D0C76D8AB4E7}.Release|.NET.ActiveCfg = Release|Any CPU
		{CAE7B0D5-0D60-4905-90C8-D0C76D8AB4E7}.Release|Any CPU.ActiveCfg = Release|Any CPU
		{CAE7B0D5-0D60-4905-90C8-D0C76D8AB4E7}.Release|Any CPU.Build.0 = Release|Any CPU
		{CAE7B0D5-0D60-4905-90C8-D0C76D8AB4E7}.Release|Mixed Platforms.ActiveCfg = Release|Any CPU
		{CAE7B0D5-0D60-4905-90C8-D0C76D8AB4E7}.Release|Mixed Platforms.Build.0 = Release|Any CPU
		{CAE7B0D5-0D60-4905-90C8-D0C76D8AB4E7}.Release|x64.ActiveCfg = Release|Any CPU
		{CAE7B0D5-0D60-4905-90C8-D0C76D8AB4E7}.Release|x64.Build.0 = Release|Any CPU
		{CAE7B0D5-0D60-4905-90C8-D0C76D8AB4E7}.Release|x86.ActiveCfg = Release|Any CPU
		{CAE7B0D5-0D60-4905-90C8-D0C76D8AB4E7}.Release|x86.Build.0 = Release|Any CPU
		{0F2B154E-DE03-413D-96AF-3364756735B9}.Debug|.NET.ActiveCfg = Debug|Any CPU
		{0F2B154E-DE03-413D-96AF-3364756735B9}.Debug|Any CPU.ActiveCfg = Debug|Any CPU
		{0F2B154E-DE03-413D-96AF-3364756735B9}.Debug|Any CPU.Build.0 = Debug|Any CPU
		{0F2B154E-DE03-413D-96AF-3364756735B9}.Debug|Mixed Platforms.ActiveCfg = Debug|Any CPU
		{0F2B154E-DE03-413D-96AF-3364756735B9}.Debug|Mixed Platforms.Build.0 = Debug|Any CPU
		{0F2B154E-DE03-413D-96AF-3364756735B9}.Debug|x64.ActiveCfg = Debug|Any CPU
		{0F2B154E-DE03-413D-96AF-3364756735B9}.Debug|x64.Build.0 = Debug|Any CPU
		{0F2B154E-DE03-413D-96AF-3364756735B9}.Debug|x86.ActiveCfg = Debug|Any CPU
		{0F2B154E-DE03-413D-96AF-3364756735B9}.Debug|x86.Build.0 = Debug|Any CPU
		{0F2B154E-DE03-413D-96AF-3364756735B9}.Release|.NET.ActiveCfg = Release|Any CPU
		{0F2B154E-DE03-413D-96AF-3364756735B9}.Release|Any CPU.ActiveCfg = Release|Any CPU
		{0F2B154E-DE03-413D-96AF-3364756735B9}.Release|Any CPU.Build.0 = Release|Any CPU
		{0F2B154E-DE03-413D-96AF-3364756735B9}.Release|Mixed Platforms.ActiveCfg = Release|Any CPU
		{0F2B154E-DE03-413D-96AF-3364756735B9}.Release|Mixed Platforms.Build.0 = Release|Any CPU
		{0F2B154E-DE03-413D-96AF-3364756735B9}.Release|x64.ActiveCfg = Release|Any CPU
		{0F2B154E-DE03-413D-96AF-3364756735B9}.Release|x64.Build.0 = Release|Any CPU
		{0F2B154E-DE03-413D-96AF-3364756735B9}.Release|x86.ActiveCfg = Release|Any CPU
		{0F2B154E-DE03-413D-96AF-3364756735B9}.Release|x86.Build.0 = Release|Any CPU
		{ACBC0C3E-5194-4444-9172-01A6BFD18C4B}.Debug|.NET.ActiveCfg = Debug|Any CPU
		{ACBC0C3E-5194-4444-9172-01A6BFD18C4B}.Debug|Any CPU.ActiveCfg = Debug|Any CPU
		{ACBC0C3E-5194-4444-9172-01A6BFD18C4B}.Debug|Any CPU.Build.0 = Debug|Any CPU
		{ACBC0C3E-5194-4444-9172-01A6BFD18C4B}.Debug|Mixed Platforms.ActiveCfg = Debug|Any CPU
		{ACBC0C3E-5194-4444-9172-01A6BFD18C4B}.Debug|Mixed Platforms.Build.0 = Debug|Any CPU
		{ACBC0C3E-5194-4444-9172-01A6BFD18C4B}.Debug|x64.ActiveCfg = Debug|Any CPU
		{ACBC0C3E-5194-4444-9172-01A6BFD18C4B}.Debug|x64.Build.0 = Debug|Any CPU
		{ACBC0C3E-5194-4444-9172-01A6BFD18C4B}.Debug|x86.ActiveCfg = Debug|Any CPU
		{ACBC0C3E-5194-4444-9172-01A6BFD18C4B}.Debug|x86.Build.0 = Debug|Any CPU
		{ACBC0C3E-5194-4444-9172-01A6BFD18C4B}.Release|.NET.ActiveCfg = Release|Any CPU
		{ACBC0C3E-5194-4444-9172-01A6BFD18C4B}.Release|Any CPU.ActiveCfg = Release|Any CPU
		{ACBC0C3E-5194-4444-9172-01A6BFD18C4B}.Release|Any CPU.Build.0 = Release|Any CPU
		{ACBC0C3E-5194-4444-9172-01A6BFD18C4B}.Release|Mixed Platforms.ActiveCfg = Release|Any CPU
		{ACBC0C3E-5194-4444-9172-01A6BFD18C4B}.Release|Mixed Platforms.Build.0 = Release|Any CPU
		{ACBC0C3E-5194-4444-9172-01A6BFD18C4B}.Release|x64.ActiveCfg = Release|Any CPU
		{ACBC0C3E-5194-4444-9172-01A6BFD18C4B}.Release|x64.Build.0 = Release|Any CPU
		{ACBC0C3E-5194-4444-9172-01A6BFD18C4B}.Release|x86.ActiveCfg = Release|Any CPU
		{ACBC0C3E-5194-4444-9172-01A6BFD18C4B}.Release|x86.Build.0 = Release|Any CPU
		{2FC2CB85-AEFD-4409-8F50-C8638F73B799}.Debug|.NET.ActiveCfg = Debug|Any CPU
		{2FC2CB85-AEFD-4409-8F50-C8638F73B799}.Debug|.NET.Build.0 = Debug|Any CPU
		{2FC2CB85-AEFD-4409-8F50-C8638F73B799}.Debug|Any CPU.ActiveCfg = Debug|Any CPU
		{2FC2CB85-AEFD-4409-8F50-C8638F73B799}.Debug|Any CPU.Build.0 = Debug|Any CPU
		{2FC2CB85-AEFD-4409-8F50-C8638F73B799}.Debug|Mixed Platforms.ActiveCfg = Debug|Any CPU
		{2FC2CB85-AEFD-4409-8F50-C8638F73B799}.Debug|Mixed Platforms.Build.0 = Debug|Any CPU
		{2FC2CB85-AEFD-4409-8F50-C8638F73B799}.Debug|x64.ActiveCfg = Debug|Any CPU
		{2FC2CB85-AEFD-4409-8F50-C8638F73B799}.Debug|x64.Build.0 = Debug|Any CPU
		{2FC2CB85-AEFD-4409-8F50-C8638F73B799}.Debug|x86.ActiveCfg = Debug|Any CPU
		{2FC2CB85-AEFD-4409-8F50-C8638F73B799}.Debug|x86.Build.0 = Debug|Any CPU
		{2FC2CB85-AEFD-4409-8F50-C8638F73B799}.Release|.NET.ActiveCfg = Release|Any CPU
		{2FC2CB85-AEFD-4409-8F50-C8638F73B799}.Release|.NET.Build.0 = Release|Any CPU
		{2FC2CB85-AEFD-4409-8F50-C8638F73B799}.Release|Any CPU.ActiveCfg = Release|Any CPU
		{2FC2CB85-AEFD-4409-8F50-C8638F73B799}.Release|Any CPU.Build.0 = Release|Any CPU
		{2FC2CB85-AEFD-4409-8F50-C8638F73B799}.Release|Mixed Platforms.ActiveCfg = Release|Any CPU
		{2FC2CB85-AEFD-4409-8F50-C8638F73B799}.Release|Mixed Platforms.Build.0 = Release|Any CPU
		{2FC2CB85-AEFD-4409-8F50-C8638F73B799}.Release|x64.ActiveCfg = Release|Any CPU
		{2FC2CB85-AEFD-4409-8F50-C8638F73B799}.Release|x64.Build.0 = Release|Any CPU
		{2FC2CB85-AEFD-4409-8F50-C8638F73B799}.Release|x86.ActiveCfg = Release|Any CPU
		{2FC2CB85-AEFD-4409-8F50-C8638F73B799}.Release|x86.Build.0 = Release|Any CPU
		{2289103F-BE37-48EE-8887-01498370F6F4}.Debug|.NET.ActiveCfg = Debug|Any CPU
		{2289103F-BE37-48EE-8887-01498370F6F4}.Debug|.NET.Build.0 = Debug|Any CPU
		{2289103F-BE37-48EE-8887-01498370F6F4}.Debug|Any CPU.ActiveCfg = Debug|Any CPU
		{2289103F-BE37-48EE-8887-01498370F6F4}.Debug|Any CPU.Build.0 = Debug|Any CPU
		{2289103F-BE37-48EE-8887-01498370F6F4}.Debug|Mixed Platforms.ActiveCfg = Debug|Any CPU
		{2289103F-BE37-48EE-8887-01498370F6F4}.Debug|Mixed Platforms.Build.0 = Debug|Any CPU
		{2289103F-BE37-48EE-8887-01498370F6F4}.Debug|x64.ActiveCfg = Debug|Any CPU
		{2289103F-BE37-48EE-8887-01498370F6F4}.Debug|x64.Build.0 = Debug|Any CPU
		{2289103F-BE37-48EE-8887-01498370F6F4}.Debug|x86.ActiveCfg = Debug|Any CPU
		{2289103F-BE37-48EE-8887-01498370F6F4}.Debug|x86.Build.0 = Debug|Any CPU
		{2289103F-BE37-48EE-8887-01498370F6F4}.Release|.NET.ActiveCfg = Release|Any CPU
		{2289103F-BE37-48EE-8887-01498370F6F4}.Release|.NET.Build.0 = Release|Any CPU
		{2289103F-BE37-48EE-8887-01498370F6F4}.Release|Any CPU.ActiveCfg = Release|Any CPU
		{2289103F-BE37-48EE-8887-01498370F6F4}.Release|Any CPU.Build.0 = Release|Any CPU
		{2289103F-BE37-48EE-8887-01498370F6F4}.Release|Mixed Platforms.ActiveCfg = Release|Any CPU
		{2289103F-BE37-48EE-8887-01498370F6F4}.Release|Mixed Platforms.Build.0 = Release|Any CPU
		{2289103F-BE37-48EE-8887-01498370F6F4}.Release|x64.ActiveCfg = Release|Any CPU
		{2289103F-BE37-48EE-8887-01498370F6F4}.Release|x64.Build.0 = Release|Any CPU
		{2289103F-BE37-48EE-8887-01498370F6F4}.Release|x86.ActiveCfg = Release|Any CPU
		{2289103F-BE37-48EE-8887-01498370F6F4}.Release|x86.Build.0 = Release|Any CPU
		{C6E6FD75-E4EE-4D5F-A938-5216CF9F71DF}.Debug|.NET.ActiveCfg = Debug|Any CPU
		{C6E6FD75-E4EE-4D5F-A938-5216CF9F71DF}.Debug|.NET.Build.0 = Debug|Any CPU
		{C6E6FD75-E4EE-4D5F-A938-5216CF9F71DF}.Debug|Any CPU.ActiveCfg = Debug|Any CPU
		{C6E6FD75-E4EE-4D5F-A938-5216CF9F71DF}.Debug|Any CPU.Build.0 = Debug|Any CPU
		{C6E6FD75-E4EE-4D5F-A938-5216CF9F71DF}.Debug|Mixed Platforms.ActiveCfg = Debug|Any CPU
		{C6E6FD75-E4EE-4D5F-A938-5216CF9F71DF}.Debug|Mixed Platforms.Build.0 = Debug|Any CPU
		{C6E6FD75-E4EE-4D5F-A938-5216CF9F71DF}.Debug|x64.ActiveCfg = Debug|Any CPU
		{C6E6FD75-E4EE-4D5F-A938-5216CF9F71DF}.Debug|x64.Build.0 = Debug|Any CPU
		{C6E6FD75-E4EE-4D5F-A938-5216CF9F71DF}.Debug|x86.ActiveCfg = Debug|Any CPU
		{C6E6FD75-E4EE-4D5F-A938-5216CF9F71DF}.Debug|x86.Build.0 = Debug|Any CPU
		{C6E6FD75-E4EE-4D5F-A938-5216CF9F71DF}.Release|.NET.ActiveCfg = Release|Any CPU
		{C6E6FD75-E4EE-4D5F-A938-5216CF9F71DF}.Release|.NET.Build.0 = Release|Any CPU
		{C6E6FD75-E4EE-4D5F-A938-5216CF9F71DF}.Release|Any CPU.ActiveCfg = Release|Any CPU
		{C6E6FD75-E4EE-4D5F-A938-5216CF9F71DF}.Release|Any CPU.Build.0 = Release|Any CPU
		{C6E6FD75-E4EE-4D5F-A938-5216CF9F71DF}.Release|Mixed Platforms.ActiveCfg = Release|Any CPU
		{C6E6FD75-E4EE-4D5F-A938-5216CF9F71DF}.Release|Mixed Platforms.Build.0 = Release|Any CPU
		{C6E6FD75-E4EE-4D5F-A938-5216CF9F71DF}.Release|x64.ActiveCfg = Release|Any CPU
		{C6E6FD75-E4EE-4D5F-A938-5216CF9F71DF}.Release|x64.Build.0 = Release|Any CPU
		{C6E6FD75-E4EE-4D5F-A938-5216CF9F71DF}.Release|x86.ActiveCfg = Release|Any CPU
		{C6E6FD75-E4EE-4D5F-A938-5216CF9F71DF}.Release|x86.Build.0 = Release|Any CPU
		{56BAC1C8-F972-4999-9A52-C6AE9FC250E0}.Debug|.NET.ActiveCfg = Debug|Any CPU
		{56BAC1C8-F972-4999-9A52-C6AE9FC250E0}.Debug|.NET.Build.0 = Debug|Any CPU
		{56BAC1C8-F972-4999-9A52-C6AE9FC250E0}.Debug|Any CPU.ActiveCfg = Debug|Any CPU
		{56BAC1C8-F972-4999-9A52-C6AE9FC250E0}.Debug|Any CPU.Build.0 = Debug|Any CPU
		{56BAC1C8-F972-4999-9A52-C6AE9FC250E0}.Debug|Mixed Platforms.ActiveCfg = Debug|Any CPU
		{56BAC1C8-F972-4999-9A52-C6AE9FC250E0}.Debug|Mixed Platforms.Build.0 = Debug|Any CPU
		{56BAC1C8-F972-4999-9A52-C6AE9FC250E0}.Debug|x64.ActiveCfg = Debug|Any CPU
		{56BAC1C8-F972-4999-9A52-C6AE9FC250E0}.Debug|x64.Build.0 = Debug|Any CPU
		{56BAC1C8-F972-4999-9A52-C6AE9FC250E0}.Debug|x86.ActiveCfg = Debug|Any CPU
		{56BAC1C8-F972-4999-9A52-C6AE9FC250E0}.Debug|x86.Build.0 = Debug|Any CPU
		{56BAC1C8-F972-4999-9A52-C6AE9FC250E0}.Release|.NET.ActiveCfg = Release|Any CPU
		{56BAC1C8-F972-4999-9A52-C6AE9FC250E0}.Release|.NET.Build.0 = Release|Any CPU
		{56BAC1C8-F972-4999-9A52-C6AE9FC250E0}.Release|Any CPU.ActiveCfg = Release|Any CPU
		{56BAC1C8-F972-4999-9A52-C6AE9FC250E0}.Release|Any CPU.Build.0 = Release|Any CPU
		{56BAC1C8-F972-4999-9A52-C6AE9FC250E0}.Release|Mixed Platforms.ActiveCfg = Release|Any CPU
		{56BAC1C8-F972-4999-9A52-C6AE9FC250E0}.Release|Mixed Platforms.Build.0 = Release|Any CPU
		{56BAC1C8-F972-4999-9A52-C6AE9FC250E0}.Release|x64.ActiveCfg = Release|Any CPU
		{56BAC1C8-F972-4999-9A52-C6AE9FC250E0}.Release|x64.Build.0 = Release|Any CPU
		{56BAC1C8-F972-4999-9A52-C6AE9FC250E0}.Release|x86.ActiveCfg = Release|Any CPU
		{56BAC1C8-F972-4999-9A52-C6AE9FC250E0}.Release|x86.Build.0 = Release|Any CPU
		{A983C3CF-CD6A-422D-88C6-250E22C87A2C}.Debug|.NET.ActiveCfg = Debug|Any CPU
		{A983C3CF-CD6A-422D-88C6-250E22C87A2C}.Debug|.NET.Build.0 = Debug|Any CPU
		{A983C3CF-CD6A-422D-88C6-250E22C87A2C}.Debug|Any CPU.ActiveCfg = Debug|Any CPU
		{A983C3CF-CD6A-422D-88C6-250E22C87A2C}.Debug|Any CPU.Build.0 = Debug|Any CPU
		{A983C3CF-CD6A-422D-88C6-250E22C87A2C}.Debug|Mixed Platforms.ActiveCfg = Debug|Any CPU
		{A983C3CF-CD6A-422D-88C6-250E22C87A2C}.Debug|Mixed Platforms.Build.0 = Debug|Any CPU
		{A983C3CF-CD6A-422D-88C6-250E22C87A2C}.Debug|x64.ActiveCfg = Debug|Any CPU
		{A983C3CF-CD6A-422D-88C6-250E22C87A2C}.Debug|x64.Build.0 = Debug|Any CPU
		{A983C3CF-CD6A-422D-88C6-250E22C87A2C}.Debug|x86.ActiveCfg = Debug|Any CPU
		{A983C3CF-CD6A-422D-88C6-250E22C87A2C}.Debug|x86.Build.0 = Debug|Any CPU
		{A983C3CF-CD6A-422D-88C6-250E22C87A2C}.Release|.NET.ActiveCfg = Release|Any CPU
		{A983C3CF-CD6A-422D-88C6-250E22C87A2C}.Release|.NET.Build.0 = Release|Any CPU
		{A983C3CF-CD6A-422D-88C6-250E22C87A2C}.Release|Any CPU.ActiveCfg = Release|Any CPU
		{A983C3CF-CD6A-422D-88C6-250E22C87A2C}.Release|Any CPU.Build.0 = Release|Any CPU
		{A983C3CF-CD6A-422D-88C6-250E22C87A2C}.Release|Mixed Platforms.ActiveCfg = Release|Any CPU
		{A983C3CF-CD6A-422D-88C6-250E22C87A2C}.Release|Mixed Platforms.Build.0 = Release|Any CPU
		{A983C3CF-CD6A-422D-88C6-250E22C87A2C}.Release|x64.ActiveCfg = Release|Any CPU
		{A983C3CF-CD6A-422D-88C6-250E22C87A2C}.Release|x64.Build.0 = Release|Any CPU
		{A983C3CF-CD6A-422D-88C6-250E22C87A2C}.Release|x86.ActiveCfg = Release|Any CPU
		{A983C3CF-CD6A-422D-88C6-250E22C87A2C}.Release|x86.Build.0 = Release|Any CPU
		{2C289E54-22DC-4365-B110-28DEBDBE0840}.Debug|.NET.ActiveCfg = Debug|Any CPU
		{2C289E54-22DC-4365-B110-28DEBDBE0840}.Debug|.NET.Build.0 = Debug|Any CPU
		{2C289E54-22DC-4365-B110-28DEBDBE0840}.Debug|Any CPU.ActiveCfg = Debug|Any CPU
		{2C289E54-22DC-4365-B110-28DEBDBE0840}.Debug|Any CPU.Build.0 = Debug|Any CPU
		{2C289E54-22DC-4365-B110-28DEBDBE0840}.Debug|Mixed Platforms.ActiveCfg = Debug|x64
		{2C289E54-22DC-4365-B110-28DEBDBE0840}.Debug|Mixed Platforms.Build.0 = Debug|x64
		{2C289E54-22DC-4365-B110-28DEBDBE0840}.Debug|x64.ActiveCfg = Debug|x64
		{2C289E54-22DC-4365-B110-28DEBDBE0840}.Debug|x64.Build.0 = Debug|x64
		{2C289E54-22DC-4365-B110-28DEBDBE0840}.Debug|x86.ActiveCfg = Debug|x86
		{2C289E54-22DC-4365-B110-28DEBDBE0840}.Debug|x86.Build.0 = Debug|x86
		{2C289E54-22DC-4365-B110-28DEBDBE0840}.Release|.NET.ActiveCfg = Release|Any CPU
		{2C289E54-22DC-4365-B110-28DEBDBE0840}.Release|.NET.Build.0 = Release|Any CPU
		{2C289E54-22DC-4365-B110-28DEBDBE0840}.Release|Any CPU.ActiveCfg = Release|Any CPU
		{2C289E54-22DC-4365-B110-28DEBDBE0840}.Release|Any CPU.Build.0 = Release|Any CPU
		{2C289E54-22DC-4365-B110-28DEBDBE0840}.Release|Mixed Platforms.ActiveCfg = Release|x64
		{2C289E54-22DC-4365-B110-28DEBDBE0840}.Release|Mixed Platforms.Build.0 = Release|x64
		{2C289E54-22DC-4365-B110-28DEBDBE0840}.Release|x64.ActiveCfg = Release|x64
		{2C289E54-22DC-4365-B110-28DEBDBE0840}.Release|x64.Build.0 = Release|x64
		{2C289E54-22DC-4365-B110-28DEBDBE0840}.Release|x86.ActiveCfg = Release|x86
		{2C289E54-22DC-4365-B110-28DEBDBE0840}.Release|x86.Build.0 = Release|x86
	EndGlobalSection
	GlobalSection(SolutionProperties) = preSolution
		HideSolutionNode = FALSE
	EndGlobalSection
	GlobalSection(NestedProjects) = preSolution
		{CAE7B0D5-0D60-4905-90C8-D0C76D8AB4E7} = {263331A7-B4C3-4D09-82E2-8C2F408CE39C}
		{0F2B154E-DE03-413D-96AF-3364756735B9} = {263331A7-B4C3-4D09-82E2-8C2F408CE39C}
		{ACBC0C3E-5194-4444-9172-01A6BFD18C4B} = {263331A7-B4C3-4D09-82E2-8C2F408CE39C}
		{2FC2CB85-AEFD-4409-8F50-C8638F73B799} = {2EB5F454-1C10-42D3-B7D4-42855821CC4C}
		{2289103F-BE37-48EE-8887-01498370F6F4} = {2EB5F454-1C10-42D3-B7D4-42855821CC4C}
		{C6E6FD75-E4EE-4D5F-A938-5216CF9F71DF} = {AF077DC1-66FD-41D3-A6C4-DC272E6FD1E3}
		{56BAC1C8-F972-4999-9A52-C6AE9FC250E0} = {263331A7-B4C3-4D09-82E2-8C2F408CE39C}
		{A983C3CF-CD6A-422D-88C6-250E22C87A2C} = {AF077DC1-66FD-41D3-A6C4-DC272E6FD1E3}
		{2C289E54-22DC-4365-B110-28DEBDBE0840} = {263331A7-B4C3-4D09-82E2-8C2F408CE39C}
	EndGlobalSection
	GlobalSection(ExtensibilityGlobals) = postSolution
		SolutionGuid = {E834FBEA-823E-4D77-8F98-2C5EFB3C581D}
	EndGlobalSection
EndGlobal
